Microsoft Visual Studio Solution File, Format Version 12.00
# Visual Studio Version 17
VisualStudioVersion = 17.0.32112.339
MinimumVisualStudioVersion = 16.0.0.0
Project("{9A19103F-16F7-4668-BE54-9A1E7A4F7556}") = "ident.Server", "Server\ident.Server.csproj", "{EC94290E-7D89-4713-A3ED-08AEA65B049B}"
EndProject
Project("{9A19103F-16F7-4668-BE54-9A1E7A4F7556}") = "ident.Client", "Client\ident.Client.csproj", "{1A475541-5567-4D99-AB22-CF24DB889C53}"
EndProject
Project("{9A19103F-16F7-4668-BE54-9A1E7A4F7556}") = "ident.Shared", "Shared\ident.Shared.csproj", "{94FA0CAC-D1CD-44C6-A23B-25F9FB27A51C}"
EndProject
Project("{9A19103F-16F7-4668-BE54-9A1E7A4F7556}") = "Blazor.BFF.OpenIDConnect.Client", "Client2\Blazor.BFF.OpenIDConnect.Client.csproj", "{E5E9B62E-520D-45E2-8A27-4816B02C6155}"
EndProject
Project("{9A19103F-16F7-4668-BE54-9A1E7A4F7556}") = "Blazor.BFF.OpenIDConnect.Server", "Server2\Blazor.BFF.OpenIDConnect.Server.csproj", "{E4480950-FE10-434F-8F51-E167519742B9}"
EndProject
Project("{9A19103F-16F7-4668-BE54-9A1E7A4F7556}") = "Blazor.BFF.OpenIDConnect.Shared", "Shared2\Blazor.BFF.OpenIDConnect.Shared.csproj", "{9CC33DFE-AAFC-485F-B120-481451C02B09}"
EndProject
Project("{2150E333-8FDC-42A3-9474-1A3956D46DE8}") = "Duende", "Duende", "{F37A4C88-3904-4D6F-A83D-815ABC0FDEF5}"
EndProject
Project("{2150E333-8FDC-42A3-9474-1A3956D46DE8}") = "openiddict", "openiddict", "{B6F96547-D5C5-493D-8564-79394BF22F23}"
EndProject
Global
	GlobalSection(SolutionConfigurationPlatforms) = preSolution
		Debug|Any CPU = Debug|Any CPU
		Debug|x64 = Debug|x64
		Debug|x86 = Debug|x86
		Release|Any CPU = Release|Any CPU
		Release|x64 = Release|x64
		Release|x86 = Release|x86
	EndGlobalSection
	GlobalSection(ProjectConfigurationPlatforms) = postSolution
		{EC94290E-7D89-4713-A3ED-08AEA65B049B}.Debug|Any CPU.ActiveCfg = Debug|Any CPU
		{EC94290E-7D89-4713-A3ED-08AEA65B049B}.Debug|Any CPU.Build.0 = Debug|Any CPU
		{EC94290E-7D89-4713-A3ED-08AEA65B049B}.Debug|x64.ActiveCfg = Debug|Any CPU
		{EC94290E-7D89-4713-A3ED-08AEA65B049B}.Debug|x64.Build.0 = Debug|Any CPU
		{EC94290E-7D89-4713-A3ED-08AEA65B049B}.Debug|x86.ActiveCfg = Debug|Any CPU
		{EC94290E-7D89-4713-A3ED-08AEA65B049B}.Debug|x86.Build.0 = Debug|Any CPU
		{EC94290E-7D89-4713-A3ED-08AEA65B049B}.Release|Any CPU.ActiveCfg = Release|Any CPU
		{EC94290E-7D89-4713-A3ED-08AEA65B049B}.Release|Any CPU.Build.0 = Release|Any CPU
		{EC94290E-7D89-4713-A3ED-08AEA65B049B}.Release|x64.ActiveCfg = Release|Any CPU
		{EC94290E-7D89-4713-A3ED-08AEA65B049B}.Release|x64.Build.0 = Release|Any CPU
		{EC94290E-7D89-4713-A3ED-08AEA65B049B}.Release|x86.ActiveCfg = Release|Any CPU
		{EC94290E-7D89-4713-A3ED-08AEA65B049B}.Release|x86.Build.0 = Release|Any CPU
		{1A475541-5567-4D99-AB22-CF24DB889C53}.Debug|Any CPU.ActiveCfg = Debug|Any CPU
		{1A475541-5567-4D99-AB22-CF24DB889C53}.Debug|Any CPU.Build.0 = Debug|Any CPU
		{1A475541-5567-4D99-AB22-CF24DB889C53}.Debug|x64.ActiveCfg = Debug|Any CPU
		{1A475541-5567-4D99-AB22-CF24DB889C53}.Debug|x64.Build.0 = Debug|Any CPU
		{1A475541-5567-4D99-AB22-CF24DB889C53}.Debug|x86.ActiveCfg = Debug|Any CPU
		{1A475541-5567-4D99-AB22-CF24DB889C53}.Debug|x86.Build.0 = Debug|Any CPU
		{1A475541-5567-4D99-AB22-CF24DB889C53}.Release|Any CPU.ActiveCfg = Release|Any CPU
		{1A475541-5567-4D99-AB22-CF24DB889C53}.Release|Any CPU.Build.0 = Release|Any CPU
		{1A475541-5567-4D99-AB22-CF24DB889C53}.Release|x64.ActiveCfg = Release|Any CPU
		{1A475541-5567-4D99-AB22-CF24DB889C53}.Release|x64.Build.0 = Release|Any CPU
		{1A475541-5567-4D99-AB22-CF24DB889C53}.Release|x86.ActiveCfg = Release|Any CPU
		{1A475541-5567-4D99-AB22-CF24DB889C53}.Release|x86.Build.0 = Release|Any CPU
		{94FA0CAC-D1CD-44C6-A23B-25F9FB27A51C}.Debug|Any CPU.ActiveCfg = Debug|Any CPU
		{94FA0CAC-D1CD-44C6-A23B-25F9FB27A51C}.Debug|Any CPU.Build.0 = Debug|Any CPU
		{94FA0CAC-D1CD-44C6-A23B-25F9FB27A51C}.Debug|x64.ActiveCfg = Debug|Any CPU
		{94FA0CAC-D1CD-44C6-A23B-25F9FB27A51C}.Debug|x64.Build.0 = Debug|Any CPU
		{94FA0CAC-D1CD-44C6-A23B-25F9FB27A51C}.Debug|x86.ActiveCfg = Debug|Any CPU
		{94FA0CAC-D1CD-44C6-A23B-25F9FB27A51C}.Debug|x86.Build.0 = Debug|Any CPU
		{94FA0CAC-D1CD-44C6-A23B-25F9FB27A51C}.Release|Any CPU.ActiveCfg = Release|Any CPU
		{94FA0CAC-D1CD-44C6-A23B-25F9FB27A51C}.Release|Any CPU.Build.0 = Release|Any CPU
		{94FA0CAC-D1CD-44C6-A23B-25F9FB27A51C}.Release|x64.ActiveCfg = Release|Any CPU
		{94FA0CAC-D1CD-44C6-A23B-25F9FB27A51C}.Release|x64.Build.0 = Release|Any CPU
		{94FA0CAC-D1CD-44C6-A23B-25F9FB27A51C}.Release|x86.ActiveCfg = Release|Any CPU
		{94FA0CAC-D1CD-44C6-A23B-25F9FB27A51C}.Release|x86.Build.0 = Release|Any CPU
		{E5E9B62E-520D-45E2-8A27-4816B02C6155}.Debug|Any CPU.ActiveCfg = Debug|Any CPU
		{E5E9B62E-520D-45E2-8A27-4816B02C6155}.Debug|Any CPU.Build.0 = Debug|Any CPU
		{E5E9B62E-520D-45E2-8A27-4816B02C6155}.Debug|x64.ActiveCfg = Debug|Any CPU
		{E5E9B62E-520D-45E2-8A27-4816B02C6155}.Debug|x64.Build.0 = Debug|Any CPU
		{E5E9B62E-520D-45E2-8A27-4816B02C6155}.Debug|x86.ActiveCfg = Debug|Any CPU
		{E5E9B62E-520D-45E2-8A27-4816B02C6155}.Debug|x86.Build.0 = Debug|Any CPU
		{E5E9B62E-520D-45E2-8A27-4816B02C6155}.Release|Any CPU.ActiveCfg = Release|Any CPU
		{E5E9B62E-520D-45E2-8A27-4816B02C6155}.Release|Any CPU.Build.0 = Release|Any CPU
		{E5E9B62E-520D-45E2-8A27-4816B02C6155}.Release|x64.ActiveCfg = Release|Any CPU
		{E5E9B62E-520D-45E2-8A27-4816B02C6155}.Release|x64.Build.0 = Release|Any CPU
		{E5E9B62E-520D-45E2-8A27-4816B02C6155}.Release|x86.ActiveCfg = Release|Any CPU
		{E5E9B62E-520D-45E2-8A27-4816B02C6155}.Release|x86.Build.0 = Release|Any CPU
		{E4480950-FE10-434F-8F51-E167519742B9}.Debug|Any CPU.ActiveCfg = Debug|Any CPU
		{E4480950-FE10-434F-8F51-E167519742B9}.Debug|Any CPU.Build.0 = Debug|Any CPU
		{E4480950-FE10-434F-8F51-E167519742B9}.Debug|x64.ActiveCfg = Debug|Any CPU
		{E4480950-FE10-434F-8F51-E167519742B9}.Debug|x64.Build.0 = Debug|Any CPU
		{E4480950-FE10-434F-8F51-E167519742B9}.Debug|x86.ActiveCfg = Debug|Any CPU
		{E4480950-FE10-434F-8F51-E167519742B9}.Debug|x86.Build.0 = Debug|Any CPU
		{E4480950-FE10-434F-8F51-E167519742B9}.Release|Any CPU.ActiveCfg = Release|Any CPU
		{E4480950-FE10-434F-8F51-E167519742B9}.Release|Any CPU.Build.0 = Release|Any CPU
		{E4480950-FE10-434F-8F51-E167519742B9}.Release|x64.ActiveCfg = Release|Any CPU
		{E4480950-FE10-434F-8F51-E167519742B9}.Release|x64.Build.0 = Release|Any CPU
		{E4480950-FE10-434F-8F51-E167519742B9}.Release|x86.ActiveCfg = Release|Any CPU
		{E4480950-FE10-434F-8F51-E167519742B9}.Release|x86.Build.0 = Release|Any CPU
		{9CC33DFE-AAFC-485F-B120-481451C02B09}.Debug|Any CPU.ActiveCfg = Debug|Any CPU
		{9CC33DFE-AAFC-485F-B120-481451C02B09}.Debug|Any CPU.Build.0 = Debug|Any CPU
		{9CC33DFE-AAFC-485F-B120-481451C02B09}.Debug|x64.ActiveCfg = Debug|Any CPU
		{9CC33DFE-AAFC-485F-B120-481451C02B09}.Debug|x64.Build.0 = Debug|Any CPU
		{9CC33DFE-AAFC-485F-B120-481451C02B09}.Debug|x86.ActiveCfg = Debug|Any CPU
		{9CC33DFE-AAFC-485F-B120-481451C02B09}.Debug|x86.Build.0 = Debug|Any CPU
		{9CC33DFE-AAFC-485F-B120-481451C02B09}.Release|Any CPU.ActiveCfg = Release|Any CPU
		{9CC33DFE-AAFC-485F-B120-481451C02B09}.Release|Any CPU.Build.0 = Release|Any CPU
		{9CC33DFE-AAFC-485F-B120-481451C02B09}.Release|x64.ActiveCfg = Release|Any CPU
		{9CC33DFE-AAFC-485F-B120-481451C02B09}.Release|x64.Build.0 = Release|Any CPU
		{9CC33DFE-AAFC-485F-B120-481451C02B09}.Release|x86.ActiveCfg = Release|Any CPU
		{9CC33DFE-AAFC-485F-B120-481451C02B09}.Release|x86.Build.0 = Release|Any CPU
	EndGlobalSection
	GlobalSection(SolutionProperties) = preSolution
		HideSolutionNode = FALSE
	EndGlobalSection
	GlobalSection(NestedProjects) = preSolution
		{EC94290E-7D89-4713-A3ED-08AEA65B049B} = {F37A4C88-3904-4D6F-A83D-815ABC0FDEF5}
		{1A475541-5567-4D99-AB22-CF24DB889C53} = {F37A4C88-3904-4D6F-A83D-815ABC0FDEF5}
		{94FA0CAC-D1CD-44C6-A23B-25F9FB27A51C} = {F37A4C88-3904-4D6F-A83D-815ABC0FDEF5}
		{E5E9B62E-520D-45E2-8A27-4816B02C6155} = {B6F96547-D5C5-493D-8564-79394BF22F23}
		{E4480950-FE10-434F-8F51-E167519742B9} = {B6F96547-D5C5-493D-8564-79394BF22F23}
		{9CC33DFE-AAFC-485F-B120-481451C02B09} = {B6F96547-D5C5-493D-8564-79394BF22F23}
	EndGlobalSection
	GlobalSection(ExtensibilityGlobals) = postSolution
		SolutionGuid = {0072888D-C0FE-45AF-AE82-5EB9DB1236CB}
	EndGlobalSection
EndGlobal
